// !$*UTF8*$!
{
	archiveVersion = 1;
	classes = {
	};
	objectVersion = 46;
	objects = {

/* Begin PBXBuildFile section */
		3B3D1B9D1C9803B4005E9888 /* FrameworkTest.h in Headers */ = {isa = PBXBuildFile; fileRef = 3B3D1B9C1C9803B4005E9888 /* FrameworkTest.h */; settings = {ATTRIBUTES = (Public, ); }; };
		3B3D1BAC1C9803CE005E9888 /* FrameworkTestTouch.h in Headers */ = {isa = PBXBuildFile; fileRef = 3B3D1BAB1C9803CE005E9888 /* FrameworkTestTouch.h */; settings = {ATTRIBUTES = (Public, ); }; };
/* End PBXBuildFile section */

/* Begin PBXFileReference section */
		3B3D1B991C9803B4005E9888 /* FrameworkTest.framework */ = {isa = PBXFileReference; explicitFileType = wrapper.framework; includeInIndex = 0; path = FrameworkTest.framework; sourceTree = BUILT_PRODUCTS_DIR; };
		3B3D1B9C1C9803B4005E9888 /* FrameworkTest.h */ = {isa = PBXFileReference; lastKnownFileType = sourcecode.c.h; path = FrameworkTest.h; sourceTree = "<group>"; };
		3B3D1B9E1C9803B4005E9888 /* Info.plist */ = {isa = PBXFileReference; lastKnownFileType = text.plist.xml; path = Info.plist; sourceTree = "<group>"; };
		3B3D1BA91C9803CE005E9888 /* FrameworkTestTouch.framework */ = {isa = PBXFileReference; explicitFileType = wrapper.framework; includeInIndex = 0; path = FrameworkTestTouch.framework; sourceTree = BUILT_PRODUCTS_DIR; };
		3B3D1BAB1C9803CE005E9888 /* FrameworkTestTouch.h */ = {isa = PBXFileReference; lastKnownFileType = sourcecode.c.h; path = FrameworkTestTouch.h; sourceTree = "<group>"; };
		3B3D1BAD1C9803CE005E9888 /* Info.plist */ = {isa = PBXFileReference; lastKnownFileType = text.plist.xml; path = Info.plist; sourceTree = "<group>"; };
/* End PBXFileReference section */

/* Begin PBXFrameworksBuildPhase section */
		3B3D1B951C9803B4005E9888 /* Frameworks */ = {
			isa = PBXFrameworksBuildPhase;
			buildActionMask = 2147483647;
			files = (
			);
			runOnlyForDeploymentPostprocessing = 0;
		};
		3B3D1BA51C9803CE005E9888 /* Frameworks */ = {
			isa = PBXFrameworksBuildPhase;
			buildActionMask = 2147483647;
			files = (
			);
			runOnlyForDeploymentPostprocessing = 0;
		};
/* End PBXFrameworksBuildPhase section */

/* Begin PBXGroup section */
		3B3D1B8F1C9803B4005E9888 = {
			isa = PBXGroup;
			children = (
				3B3D1B9B1C9803B4005E9888 /* FrameworkTest */,
				3B3D1BAA1C9803CE005E9888 /* FrameworkTestTouch */,
				3B3D1B9A1C9803B4005E9888 /* Products */,
			);
			sourceTree = "<group>";
		};
		3B3D1B9A1C9803B4005E9888 /* Products */ = {
			isa = PBXGroup;
			children = (
				3B3D1B991C9803B4005E9888 /* FrameworkTest.framework */,
				3B3D1BA91C9803CE005E9888 /* FrameworkTestTouch.framework */,
			);
			name = Products;
			sourceTree = "<group>";
		};
		3B3D1B9B1C9803B4005E9888 /* FrameworkTest */ = {
			isa = PBXGroup;
			children = (
				3B3D1B9C1C9803B4005E9888 /* FrameworkTest.h */,
				3B3D1B9E1C9803B4005E9888 /* Info.plist */,
			);
			path = FrameworkTest;
			sourceTree = "<group>";
		};
		3B3D1BAA1C9803CE005E9888 /* FrameworkTestTouch */ = {
			isa = PBXGroup;
			children = (
				3B3D1BAB1C9803CE005E9888 /* FrameworkTestTouch.h */,
				3B3D1BAD1C9803CE005E9888 /* Info.plist */,
			);
			path = FrameworkTestTouch;
			sourceTree = "<group>";
		};
/* End PBXGroup section */

/* Begin PBXHeadersBuildPhase section */
		3B3D1B961C9803B4005E9888 /* Headers */ = {
			isa = PBXHeadersBuildPhase;
			buildActionMask = 2147483647;
			files = (
				3B3D1B9D1C9803B4005E9888 /* FrameworkTest.h in Headers */,
			);
			runOnlyForDeploymentPostprocessing = 0;
		};
		3B3D1BA61C9803CE005E9888 /* Headers */ = {
			isa = PBXHeadersBuildPhase;
			buildActionMask = 2147483647;
			files = (
				3B3D1BAC1C9803CE005E9888 /* FrameworkTestTouch.h in Headers */,
			);
			runOnlyForDeploymentPostprocessing = 0;
		};
/* End PBXHeadersBuildPhase section */

/* Begin PBXNativeTarget section */
		3B3D1B981C9803B4005E9888 /* FrameworkTest */ = {
			isa = PBXNativeTarget;
			buildConfigurationList = 3B3D1BA11C9803B4005E9888 /* Build configuration list for PBXNativeTarget "FrameworkTest" */;
			buildPhases = (
				3B3D1B941C9803B4005E9888 /* Sources */,
				3B3D1B951C9803B4005E9888 /* Frameworks */,
				3B3D1B961C9803B4005E9888 /* Headers */,
				3B3D1B971C9803B4005E9888 /* Resources */,
			);
			buildRules = (
			);
			dependencies = (
			);
			name = FrameworkTest;
			productName = FrameworkTest;
			productReference = 3B3D1B991C9803B4005E9888 /* FrameworkTest.framework */;
			productType = "com.apple.product-type.framework";
		};
		3B3D1BA81C9803CE005E9888 /* FrameworkTestTouch */ = {
			isa = PBXNativeTarget;
			buildConfigurationList = 3B3D1BAE1C9803CE005E9888 /* Build configuration list for PBXNativeTarget "FrameworkTestTouch" */;
			buildPhases = (
				3B3D1BA41C9803CE005E9888 /* Sources */,
				3B3D1BA51C9803CE005E9888 /* Frameworks */,
				3B3D1BA61C9803CE005E9888 /* Headers */,
				3B3D1BA71C9803CE005E9888 /* Resources */,
			);
			buildRules = (
			);
			dependencies = (
			);
			name = FrameworkTestTouch;
			productName = FrameworkTestTouch;
			productReference = 3B3D1BA91C9803CE005E9888 /* FrameworkTestTouch.framework */;
			productType = "com.apple.product-type.framework";
		};
/* End PBXNativeTarget section */

/* Begin PBXProject section */
		3B3D1B901C9803B4005E9888 /* Project object */ = {
			isa = PBXProject;
			attributes = {
				LastUpgradeCheck = 0720;
				ORGANIZATIONNAME = "Secret Geometry, Inc.";
				TargetAttributes = {
					3B3D1B981C9803B4005E9888 = {
						CreatedOnToolsVersion = 7.2.1;
					};
					3B3D1BA81C9803CE005E9888 = {
						CreatedOnToolsVersion = 7.2.1;
					};
				};
			};
			buildConfigurationList = 3B3D1B931C9803B4005E9888 /* Build configuration list for PBXProject "FrameworkTest" */;
			compatibilityVersion = "Xcode 3.2";
			developmentRegion = English;
			hasScannedForEncodings = 0;
			knownRegions = (
				en,
			);
			mainGroup = 3B3D1B8F1C9803B4005E9888;
			productRefGroup = 3B3D1B9A1C9803B4005E9888 /* Products */;
			projectDirPath = "";
			projectRoot = "";
			targets = (
				3B3D1B981C9803B4005E9888 /* FrameworkTest */,
				3B3D1BA81C9803CE005E9888 /* FrameworkTestTouch */,
			);
		};
/* End PBXProject section */

/* Begin PBXResourcesBuildPhase section */
		3B3D1B971C9803B4005E9888 /* Resources */ = {
			isa = PBXResourcesBuildPhase;
			buildActionMask = 2147483647;
			files = (
			);
			runOnlyForDeploymentPostprocessing = 0;
		};
		3B3D1BA71C9803CE005E9888 /* Resources */ = {
			isa = PBXResourcesBuildPhase;
			buildActionMask = 2147483647;
			files = (
			);
			runOnlyForDeploymentPostprocessing = 0;
		};
/* End PBXResourcesBuildPhase section */

/* Begin PBXSourcesBuildPhase section */
		3B3D1B941C9803B4005E9888 /* Sources */ = {
			isa = PBXSourcesBuildPhase;
			buildActionMask = 2147483647;
			files = (
			);
			runOnlyForDeploymentPostprocessing = 0;
		};
		3B3D1BA41C9803CE005E9888 /* Sources */ = {
			isa = PBXSourcesBuildPhase;
			buildActionMask = 2147483647;
			files = (
			);
			runOnlyForDeploymentPostprocessing = 0;
		};
/* End PBXSourcesBuildPhase section */

/* Begin XCBuildConfiguration section */
		3B3D1B9F1C9803B4005E9888 /* Debug */ = {
			isa = XCBuildConfiguration;
			buildSettings = {
				ALWAYS_SEARCH_USER_PATHS = NO;
				CLANG_CXX_LANGUAGE_STANDARD = "gnu++0x";
				CLANG_CXX_LIBRARY = "libc++";
				CLANG_ENABLE_MODULES = YES;
				CLANG_ENABLE_OBJC_ARC = YES;
				CLANG_WARN_BOOL_CONVERSION = YES;
				CLANG_WARN_CONSTANT_CONVERSION = YES;
				CLANG_WARN_DIRECT_OBJC_ISA_USAGE = YES_ERROR;
				CLANG_WARN_EMPTY_BODY = YES;
				CLANG_WARN_ENUM_CONVERSION = YES;
				CLANG_WARN_INT_CONVERSION = YES;
				CLANG_WARN_OBJC_ROOT_CLASS = YES_ERROR;
				CLANG_WARN_UNREACHABLE_CODE = YES;
				CLANG_WARN__DUPLICATE_METHOD_MATCH = YES;
				CODE_SIGN_IDENTITY = "-";
				COPY_PHASE_STRIP = NO;
				CURRENT_PROJECT_VERSION = 1;
				DEBUG_INFORMATION_FORMAT = dwarf;
				ENABLE_STRICT_OBJC_MSGSEND = YES;
				ENABLE_TESTABILITY = YES;
				GCC_C_LANGUAGE_STANDARD = gnu99;
				GCC_DYNAMIC_NO_PIC = NO;
				GCC_NO_COMMON_BLOCKS = YES;
				GCC_OPTIMIZATION_LEVEL = 0;
				GCC_PREPROCESSOR_DEFINITIONS = (
					"DEBUG=1",
					"$(inherited)",
				);
				GCC_WARN_64_TO_32_BIT_CONVERSION = YES;
				GCC_WARN_ABOUT_RETURN_TYPE = YES_ERROR;
				GCC_WARN_UNDECLARED_SELECTOR = YES;
				GCC_WARN_UNINITIALIZED_AUTOS = YES_AGGRESSIVE;
				GCC_WARN_UNUSED_FUNCTION = YES;
				GCC_WARN_UNUSED_VARIABLE = YES;
				MACOSX_DEPLOYMENT_TARGET = 10.11;
				MTL_ENABLE_DEBUG_INFO = YES;
				ONLY_ACTIVE_ARCH = YES;
				SDKROOT = macosx;
				VERSIONING_SYSTEM = "apple-generic";
				VERSION_INFO_PREFIX = "";
			};
			name = Debug;
		};
		3B3D1BA01C9803B4005E9888 /* Release */ = {
			isa = XCBuildConfiguration;
			buildSettings = {
				ALWAYS_SEARCH_USER_PATHS = NO;
				CLANG_CXX_LANGUAGE_STANDARD = "gnu++0x";
				CLANG_CXX_LIBRARY = "libc++";
				CLANG_ENABLE_MODULES = YES;
				CLANG_ENABLE_OBJC_ARC = YES;
				CLANG_WARN_BOOL_CONVERSION = YES;
				CLANG_WARN_CONSTANT_CONVERSION = YES;
				CLANG_WARN_DIRECT_OBJC_ISA_USAGE = YES_ERROR;
				CLANG_WARN_EMPTY_BODY = YES;
				CLANG_WARN_ENUM_CONVERSION = YES;
				CLANG_WARN_INT_CONVERSION = YES;
				CLANG_WARN_OBJC_ROOT_CLASS = YES_ERROR;
				CLANG_WARN_UNREACHABLE_CODE = YES;
				CLANG_WARN__DUPLICATE_METHOD_MATCH = YES;
				CODE_SIGN_IDENTITY = "-";
				COPY_PHASE_STRIP = NO;
				CURRENT_PROJECT_VERSION = 1;
				DEBUG_INFORMATION_FORMAT = "dwarf-with-dsym";
				ENABLE_NS_ASSERTIONS = NO;
				ENABLE_STRICT_OBJC_MSGSEND = YES;
				GCC_C_LANGUAGE_STANDARD = gnu99;
				GCC_NO_COMMON_BLOCKS = YES;
				GCC_WARN_64_TO_32_BIT_CONVERSION = YES;
				GCC_WARN_ABOUT_RETURN_TYPE = YES_ERROR;
				GCC_WARN_UNDECLARED_SELECTOR = YES;
				GCC_WARN_UNINITIALIZED_AUTOS = YES_AGGRESSIVE;
				GCC_WARN_UNUSED_FUNCTION = YES;
				GCC_WARN_UNUSED_VARIABLE = YES;
				MACOSX_DEPLOYMENT_TARGET = 10.11;
				MTL_ENABLE_DEBUG_INFO = NO;
				SDKROOT = macosx;
				VERSIONING_SYSTEM = "apple-generic";
				VERSION_INFO_PREFIX = "";
			};
			name = Release;
		};
		3B3D1BA21C9803B4005E9888 /* Debug */ = {
			isa = XCBuildConfiguration;
			buildSettings = {
				COMBINE_HIDPI_IMAGES = YES;
				DEFINES_MODULE = YES;
				DYLIB_COMPATIBILITY_VERSION = 1;
				DYLIB_CURRENT_VERSION = 1;
				DYLIB_INSTALL_NAME_BASE = "@rpath";
				FRAMEWORK_VERSION = A;
				INFOPLIST_FILE = FrameworkTest/Info.plist;
				INSTALL_PATH = "$(LOCAL_LIBRARY_DIR)/Frameworks";
				LD_RUNPATH_SEARCH_PATHS = "$(inherited) @executable_path/../Frameworks @loader_path/Frameworks";
				PRODUCT_BUNDLE_IDENTIFIER = com.secretgeometry.FrameworkTest;
				PRODUCT_NAME = "$(TARGET_NAME)";
				SKIP_INSTALL = YES;
			};
			name = Debug;
		};
		3B3D1BA31C9803B4005E9888 /* Release */ = {
			isa = XCBuildConfiguration;
			buildSettings = {
				COMBINE_HIDPI_IMAGES = YES;
				DEFINES_MODULE = YES;
				DYLIB_COMPATIBILITY_VERSION = 1;
				DYLIB_CURRENT_VERSION = 1;
				DYLIB_INSTALL_NAME_BASE = "@rpath";
				FRAMEWORK_VERSION = A;
				INFOPLIST_FILE = FrameworkTest/Info.plist;
				INSTALL_PATH = "$(LOCAL_LIBRARY_DIR)/Frameworks";
				LD_RUNPATH_SEARCH_PATHS = "$(inherited) @executable_path/../Frameworks @loader_path/Frameworks";
				PRODUCT_BUNDLE_IDENTIFIER = com.secretgeometry.FrameworkTest;
				PRODUCT_NAME = "$(TARGET_NAME)";
				SKIP_INSTALL = YES;
			};
			name = Release;
		};
		3B3D1BAF1C9803CE005E9888 /* Debug */ = {
			isa = XCBuildConfiguration;
			buildSettings = {
				"CODE_SIGN_IDENTITY[sdk=iphoneos*]" = "iPhone Developer";
				DEFINES_MODULE = YES;
				DYLIB_COMPATIBILITY_VERSION = 1;
				DYLIB_CURRENT_VERSION = 1;
				DYLIB_INSTALL_NAME_BASE = "@rpath";
				INFOPLIST_FILE = FrameworkTestTouch/Info.plist;
				INSTALL_PATH = "$(LOCAL_LIBRARY_DIR)/Frameworks";
				IPHONEOS_DEPLOYMENT_TARGET = 9.2;
				LD_RUNPATH_SEARCH_PATHS = "$(inherited) @executable_path/Frameworks @loader_path/Frameworks";
				PRODUCT_BUNDLE_IDENTIFIER = com.secretgeometry.FrameworkTestTouch;
				PRODUCT_NAME = "$(TARGET_NAME)";
				SDKROOT = iphoneos;
				SKIP_INSTALL = YES;
				TARGETED_DEVICE_FAMILY = "1,2";
			};
			name = Debug;
		};
		3B3D1BB01C9803CE005E9888 /* Release */ = {
			isa = XCBuildConfiguration;
			buildSettings = {
				"CODE_SIGN_IDENTITY[sdk=iphoneos*]" = "iPhone Developer";
				DEFINES_MODULE = YES;
				DYLIB_COMPATIBILITY_VERSION = 1;
				DYLIB_CURRENT_VERSION = 1;
				DYLIB_INSTALL_NAME_BASE = "@rpath";
				INFOPLIST_FILE = FrameworkTestTouch/Info.plist;
				INSTALL_PATH = "$(LOCAL_LIBRARY_DIR)/Frameworks";
				IPHONEOS_DEPLOYMENT_TARGET = 9.2;
				LD_RUNPATH_SEARCH_PATHS = "$(inherited) @executable_path/Frameworks @loader_path/Frameworks";
				PRODUCT_BUNDLE_IDENTIFIER = com.secretgeometry.FrameworkTestTouch;
				PRODUCT_NAME = "$(TARGET_NAME)";
				SDKROOT = iphoneos;
				SKIP_INSTALL = YES;
				TARGETED_DEVICE_FAMILY = "1,2";
				VALIDATE_PRODUCT = YES;
			};
			name = Release;
		};
/* End XCBuildConfiguration section */

/* Begin XCConfigurationList section */
		3B3D1B931C9803B4005E9888 /* Build configuration list for PBXProject "FrameworkTest" */ = {
			isa = XCConfigurationList;
			buildConfigurations = (
				3B3D1B9F1C9803B4005E9888 /* Debug */,
				3B3D1BA01C9803B4005E9888 /* Release */,
			);
			defaultConfigurationIsVisible = 0;
			defaultConfigurationName = Release;
		};
		3B3D1BA11C9803B4005E9888 /* Build configuration list for PBXNativeTarget "FrameworkTest" */ = {
			isa = XCConfigurationList;
			buildConfigurations = (
				3B3D1BA21C9803B4005E9888 /* Debug */,
				3B3D1BA31C9803B4005E9888 /* Release */,
			);
			defaultConfigurationIsVisible = 0;
		};
		3B3D1BAE1C9803CE005E9888 /* Build configuration list for PBXNativeTarget "FrameworkTestTouch" */ = {
			isa = XCConfigurationList;
			buildConfigurations = (
				3B3D1BAF1C9803CE005E9888 /* Debug */,
				3B3D1BB01C9803CE005E9888 /* Release */,
			);
			defaultConfigurationIsVisible = 0;
		};
/* End XCConfigurationList section */
	};
	rootObject = 3B3D1B901C9803B4005E9888 /* Project object */;
}
